{
  "name": "lineup-list",
  "version": "1.0.0",
  "lockfileVersion": 1,
  "requires": true,
  "dependencies": {
    "typescript": {
      "version": "3.7.5",
      "resolved": "https://plangrid.jfrog.io/plangrid/api/npm/npm/typescript/-/typescript-3.7.5.tgz",
      "integrity": "sha1-BpLiH2X9QQi5MwI4qsEd0uF3oa4="
    }
  }
}
